// !$*UTF8*$!
{
	archiveVersion = 1;
	classes = {
	};
	objectVersion = 56;
	objects = {

/* Begin PBXBuildFile section */
		DC0662C12C4BC2A300BCD53A /* SplashScreen.swift in Sources */ = {isa = PBXBuildFile; fileRef = DC0662C02C4BC2A300BCD53A /* SplashScreen.swift */; };
		DC0662C42C4BE7D400BCD53A /* Passwords.xcdatamodeld in Sources */ = {isa = PBXBuildFile; fileRef = DC0662C22C4BE7D400BCD53A /* Passwords.xcdatamodeld */; };
		DC0662C62C4BE81B00BCD53A /* CoreData.swift in Sources */ = {isa = PBXBuildFile; fileRef = DC0662C52C4BE81B00BCD53A /* CoreData.swift */; };
		DC7CF6322C49C28100EDE5BE /* InMindApp.swift in Sources */ = {isa = PBXBuildFile; fileRef = DC7CF6312C49C28100EDE5BE /* InMindApp.swift */; };
		DC7CF6342C49C28100EDE5BE /* ContentView.swift in Sources */ = {isa = PBXBuildFile; fileRef = DC7CF6332C49C28100EDE5BE /* ContentView.swift */; };
		DC7CF6362C49C28300EDE5BE /* Assets.xcassets in Resources */ = {isa = PBXBuildFile; fileRef = DC7CF6352C49C28300EDE5BE /* Assets.xcassets */; };
		DC7CF6392C49C28300EDE5BE /* Preview Assets.xcassets in Resources */ = {isa = PBXBuildFile; fileRef = DC7CF6382C49C28300EDE5BE /* Preview Assets.xcassets */; };
		DC8DCE662C4AD2FD00BC1136 /* OnboardingView.swift in Sources */ = {isa = PBXBuildFile; fileRef = DC8DCE652C4AD2FD00BC1136 /* OnboardingView.swift */; };
		DC8DCE6C2C4AD5A000BC1136 /* OnboardingPage.swift in Sources */ = {isa = PBXBuildFile; fileRef = DC8DCE6B2C4AD5A000BC1136 /* OnboardingPage.swift */; };
		DC8DCE6F2C4AD6BE00BC1136 /* TextForOnboardingPage.swift in Sources */ = {isa = PBXBuildFile; fileRef = DC8DCE6E2C4AD6BE00BC1136 /* TextForOnboardingPage.swift */; };
/* End PBXBuildFile section */

/* Begin PBXFileReference section */
		DC0662C02C4BC2A300BCD53A /* SplashScreen.swift */ = {isa = PBXFileReference; lastKnownFileType = sourcecode.swift; path = SplashScreen.swift; sourceTree = "<group>"; };
		DC0662C32C4BE7D400BCD53A /* Passwords.xcdatamodel */ = {isa = PBXFileReference; lastKnownFileType = wrapper.xcdatamodel; path = Passwords.xcdatamodel; sourceTree = "<group>"; };
		DC0662C52C4BE81B00BCD53A /* CoreData.swift */ = {isa = PBXFileReference; lastKnownFileType = sourcecode.swift; path = CoreData.swift; sourceTree = "<group>"; };
		DC7CF62E2C49C28100EDE5BE /* InMind.app */ = {isa = PBXFileReference; explicitFileType = wrapper.application; includeInIndex = 0; path = InMind.app; sourceTree = BUILT_PRODUCTS_DIR; };
		DC7CF6312C49C28100EDE5BE /* InMindApp.swift */ = {isa = PBXFileReference; lastKnownFileType = sourcecode.swift; path = InMindApp.swift; sourceTree = "<group>"; };
		DC7CF6332C49C28100EDE5BE /* ContentView.swift */ = {isa = PBXFileReference; lastKnownFileType = sourcecode.swift; path = ContentView.swift; sourceTree = "<group>"; };
		DC7CF6352C49C28300EDE5BE /* Assets.xcassets */ = {isa = PBXFileReference; lastKnownFileType = folder.assetcatalog; path = Assets.xcassets; sourceTree = "<group>"; };
		DC7CF6382C49C28300EDE5BE /* Preview Assets.xcassets */ = {isa = PBXFileReference; lastKnownFileType = folder.assetcatalog; path = "Preview Assets.xcassets"; sourceTree = "<group>"; };
		DC8DCE652C4AD2FD00BC1136 /* OnboardingView.swift */ = {isa = PBXFileReference; lastKnownFileType = sourcecode.swift; path = OnboardingView.swift; sourceTree = "<group>"; };
		DC8DCE6B2C4AD5A000BC1136 /* OnboardingPage.swift */ = {isa = PBXFileReference; lastKnownFileType = sourcecode.swift; path = OnboardingPage.swift; sourceTree = "<group>"; };
		DC8DCE6E2C4AD6BE00BC1136 /* TextForOnboardingPage.swift */ = {isa = PBXFileReference; lastKnownFileType = sourcecode.swift; path = TextForOnboardingPage.swift; sourceTree = "<group>"; };
/* End PBXFileReference section */

/* Begin PBXFrameworksBuildPhase section */
		DC7CF62B2C49C28100EDE5BE /* Frameworks */ = {
			isa = PBXFrameworksBuildPhase;
			buildActionMask = 2147483647;
			files = (
			);
			runOnlyForDeploymentPostprocessing = 0;
		};
/* End PBXFrameworksBuildPhase section */

/* Begin PBXGroup section */
		DC0662BF2C4BC28C00BCD53A /* SplashScreen */ = {
			isa = PBXGroup;
			children = (
				DC0662C02C4BC2A300BCD53A /* SplashScreen.swift */,
			);
			path = SplashScreen;
			sourceTree = "<group>";
		};
		DC7CF6252C49C28100EDE5BE = {
			isa = PBXGroup;
			children = (
				DC7CF6302C49C28100EDE5BE /* InMind */,
				DC7CF62F2C49C28100EDE5BE /* Products */,
			);
			sourceTree = "<group>";
		};
		DC7CF62F2C49C28100EDE5BE /* Products */ = {
			isa = PBXGroup;
			children = (
				DC7CF62E2C49C28100EDE5BE /* InMind.app */,
			);
			name = Products;
			sourceTree = "<group>";
		};
		DC7CF6302C49C28100EDE5BE /* InMind */ = {
			isa = PBXGroup;
			children = (
				DC8DCE6D2C4AD69A00BC1136 /* Utilities */,
				DC8DCE672C4AD30400BC1136 /* Views */,
				DC7CF6312C49C28100EDE5BE /* InMindApp.swift */,
				DC7CF6332C49C28100EDE5BE /* ContentView.swift */,
				DC7CF6352C49C28300EDE5BE /* Assets.xcassets */,
				DC7CF6372C49C28300EDE5BE /* Preview Content */,
				DC0662C22C4BE7D400BCD53A /* Passwords.xcdatamodeld */,
			);
			path = InMind;
			sourceTree = "<group>";
		};
		DC7CF6372C49C28300EDE5BE /* Preview Content */ = {
			isa = PBXGroup;
			children = (
				DC7CF6382C49C28300EDE5BE /* Preview Assets.xcassets */,
			);
			path = "Preview Content";
			sourceTree = "<group>";
		};
		DC8DCE672C4AD30400BC1136 /* Views */ = {
			isa = PBXGroup;
			children = (
				DC0662BF2C4BC28C00BCD53A /* SplashScreen */,
				DC8DCE6A2C4AD58500BC1136 /* Onboarding */,
			);
			path = Views;
			sourceTree = "<group>";
		};
		DC8DCE6A2C4AD58500BC1136 /* Onboarding */ = {
			isa = PBXGroup;
			children = (
				DC8DCE652C4AD2FD00BC1136 /* OnboardingView.swift */,
				DC8DCE6B2C4AD5A000BC1136 /* OnboardingPage.swift */,
			);
			path = Onboarding;
			sourceTree = "<group>";
		};
		DC8DCE6D2C4AD69A00BC1136 /* Utilities */ = {
			isa = PBXGroup;
			children = (
				DC8DCE6E2C4AD6BE00BC1136 /* TextForOnboardingPage.swift */,
				DC0662C52C4BE81B00BCD53A /* CoreData.swift */,
			);
			path = Utilities;
			sourceTree = "<group>";
		};
/* End PBXGroup section */

/* Begin PBXNativeTarget section */
		DC7CF62D2C49C28100EDE5BE /* InMind */ = {
			isa = PBXNativeTarget;
			buildConfigurationList = DC7CF63C2C49C28300EDE5BE /* Build configuration list for PBXNativeTarget "InMind" */;
			buildPhases = (
				DC7CF62A2C49C28100EDE5BE /* Sources */,
				DC7CF62B2C49C28100EDE5BE /* Frameworks */,
				DC7CF62C2C49C28100EDE5BE /* Resources */,
			);
			buildRules = (
			);
			dependencies = (
			);
			name = InMind;
			productName = InMind;
			productReference = DC7CF62E2C49C28100EDE5BE /* InMind.app */;
			productType = "com.apple.product-type.application";
		};
/* End PBXNativeTarget section */

/* Begin PBXProject section */
		DC7CF6262C49C28100EDE5BE /* Project object */ = {
			isa = PBXProject;
			attributes = {
				BuildIndependentTargetsInParallel = 1;
				LastSwiftUpdateCheck = 1420;
				LastUpgradeCheck = 1420;
				TargetAttributes = {
					DC7CF62D2C49C28100EDE5BE = {
						CreatedOnToolsVersion = 14.2;
					};
				};
			};
			buildConfigurationList = DC7CF6292C49C28100EDE5BE /* Build configuration list for PBXProject "InMind" */;
			compatibilityVersion = "Xcode 14.0";
			developmentRegion = en;
			hasScannedForEncodings = 0;
			knownRegions = (
				en,
				Base,
			);
			mainGroup = DC7CF6252C49C28100EDE5BE;
			productRefGroup = DC7CF62F2C49C28100EDE5BE /* Products */;
			projectDirPath = "";
			projectRoot = "";
			targets = (
				DC7CF62D2C49C28100EDE5BE /* InMind */,
			);
		};
/* End PBXProject section */

/* Begin PBXResourcesBuildPhase section */
		DC7CF62C2C49C28100EDE5BE /* Resources */ = {
			isa = PBXResourcesBuildPhase;
			buildActionMask = 2147483647;
			files = (
				DC7CF6392C49C28300EDE5BE /* Preview Assets.xcassets in Resources */,
				DC7CF6362C49C28300EDE5BE /* Assets.xcassets in Resources */,
			);
			runOnlyForDeploymentPostprocessing = 0;
		};
/* End PBXResourcesBuildPhase section */

/* Begin PBXSourcesBuildPhase section */
		DC7CF62A2C49C28100EDE5BE /* Sources */ = {
			isa = PBXSourcesBuildPhase;
			buildActionMask = 2147483647;
			files = (
				DC0662C12C4BC2A300BCD53A /* SplashScreen.swift in Sources */,
				DC8DCE662C4AD2FD00BC1136 /* OnboardingView.swift in Sources */,
				DC0662C42C4BE7D400BCD53A /* Passwords.xcdatamodeld in Sources */,
				DC7CF6342C49C28100EDE5BE /* ContentView.swift in Sources */,
				DC0662C62C4BE81B00BCD53A /* CoreData.swift in Sources */,
				DC7CF6322C49C28100EDE5BE /* InMindApp.swift in Sources */,
				DC8DCE6F2C4AD6BE00BC1136 /* TextForOnboardingPage.swift in Sources */,
				DC8DCE6C2C4AD5A000BC1136 /* OnboardingPage.swift in Sources */,
			);
			runOnlyForDeploymentPostprocessing = 0;
		};
/* End PBXSourcesBuildPhase section */

/* Begin XCBuildConfiguration section */
		DC7CF63A2C49C28300EDE5BE /* Debug */ = {
			isa = XCBuildConfiguration;
			buildSettings = {
				ALWAYS_SEARCH_USER_PATHS = NO;
				CLANG_ANALYZER_NONNULL = YES;
				CLANG_ANALYZER_NUMBER_OBJECT_CONVERSION = YES_AGGRESSIVE;
				CLANG_CXX_LANGUAGE_STANDARD = "gnu++20";
				CLANG_ENABLE_MODULES = YES;
				CLANG_ENABLE_OBJC_ARC = YES;
				CLANG_ENABLE_OBJC_WEAK = YES;
				CLANG_WARN_BLOCK_CAPTURE_AUTORELEASING = YES;
				CLANG_WARN_BOOL_CONVERSION = YES;
				CLANG_WARN_COMMA = YES;
				CLANG_WARN_CONSTANT_CONVERSION = YES;
				CLANG_WARN_DEPRECATED_OBJC_IMPLEMENTATIONS = YES;
				CLANG_WARN_DIRECT_OBJC_ISA_USAGE = YES_ERROR;
				CLANG_WARN_DOCUMENTATION_COMMENTS = YES;
				CLANG_WARN_EMPTY_BODY = YES;
				CLANG_WARN_ENUM_CONVERSION = YES;
				CLANG_WARN_INFINITE_RECURSION = YES;
				CLANG_WARN_INT_CONVERSION = YES;
				CLANG_WARN_NON_LITERAL_NULL_CONVERSION = YES;
				CLANG_WARN_OBJC_IMPLICIT_RETAIN_SELF = YES;
				CLANG_WARN_OBJC_LITERAL_CONVERSION = YES;
				CLANG_WARN_OBJC_ROOT_CLASS = YES_ERROR;
				CLANG_WARN_QUOTED_INCLUDE_IN_FRAMEWORK_HEADER = YES;
				CLANG_WARN_RANGE_LOOP_ANALYSIS = YES;
				CLANG_WARN_STRICT_PROTOTYPES = YES;
				CLANG_WARN_SUSPICIOUS_MOVE = YES;
				CLANG_WARN_UNGUARDED_AVAILABILITY = YES_AGGRESSIVE;
				CLANG_WARN_UNREACHABLE_CODE = YES;
				CLANG_WARN__DUPLICATE_METHOD_MATCH = YES;
				COPY_PHASE_STRIP = NO;
				DEBUG_INFORMATION_FORMAT = dwarf;
				ENABLE_STRICT_OBJC_MSGSEND = YES;
				ENABLE_TESTABILITY = YES;
				GCC_C_LANGUAGE_STANDARD = gnu11;
				GCC_DYNAMIC_NO_PIC = NO;
				GCC_NO_COMMON_BLOCKS = YES;
				GCC_OPTIMIZATION_LEVEL = 0;
				GCC_PREPROCESSOR_DEFINITIONS = (
					"DEBUG=1",
					"$(inherited)",
				);
				GCC_WARN_64_TO_32_BIT_CONVERSION = YES;
				GCC_WARN_ABOUT_RETURN_TYPE = YES_ERROR;
				GCC_WARN_UNDECLARED_SELECTOR = YES;
				GCC_WARN_UNINITIALIZED_AUTOS = YES_AGGRESSIVE;
				GCC_WARN_UNUSED_FUNCTION = YES;
				GCC_WARN_UNUSED_VARIABLE = YES;
				IPHONEOS_DEPLOYMENT_TARGET = 16.2;
				MTL_ENABLE_DEBUG_INFO = INCLUDE_SOURCE;
				MTL_FAST_MATH = YES;
				ONLY_ACTIVE_ARCH = YES;
				SDKROOT = iphoneos;
				SWIFT_ACTIVE_COMPILATION_CONDITIONS = DEBUG;
				SWIFT_OPTIMIZATION_LEVEL = "-Onone";
			};
			name = Debug;
		};
		DC7CF63B2C49C28300EDE5BE /* Release */ = {
			isa = XCBuildConfiguration;
			buildSettings = {
				ALWAYS_SEARCH_USER_PATHS = NO;
				CLANG_ANALYZER_NONNULL = YES;
				CLANG_ANALYZER_NUMBER_OBJECT_CONVERSION = YES_AGGRESSIVE;
				CLANG_CXX_LANGUAGE_STANDARD = "gnu++20";
				CLANG_ENABLE_MODULES = YES;
				CLANG_ENABLE_OBJC_ARC = YES;
				CLANG_ENABLE_OBJC_WEAK = YES;
				CLANG_WARN_BLOCK_CAPTURE_AUTORELEASING = YES;
				CLANG_WARN_BOOL_CONVERSION = YES;
				CLANG_WARN_COMMA = YES;
				CLANG_WARN_CONSTANT_CONVERSION = YES;
				CLANG_WARN_DEPRECATED_OBJC_IMPLEMENTATIONS = YES;
				CLANG_WARN_DIRECT_OBJC_ISA_USAGE = YES_ERROR;
				CLANG_WARN_DOCUMENTATION_COMMENTS = YES;
				CLANG_WARN_EMPTY_BODY = YES;
				CLANG_WARN_ENUM_CONVERSION = YES;
				CLANG_WARN_INFINITE_RECURSION = YES;
				CLANG_WARN_INT_CONVERSION = YES;
				CLANG_WARN_NON_LITERAL_NULL_CONVERSION = YES;
				CLANG_WARN_OBJC_IMPLICIT_RETAIN_SELF = YES;
				CLANG_WARN_OBJC_LITERAL_CONVERSION = YES;
				CLANG_WARN_OBJC_ROOT_CLASS = YES_ERROR;
				CLANG_WARN_QUOTED_INCLUDE_IN_FRAMEWORK_HEADER = YES;
				CLANG_WARN_RANGE_LOOP_ANALYSIS = YES;
				CLANG_WARN_STRICT_PROTOTYPES = YES;
				CLANG_WARN_SUSPICIOUS_MOVE = YES;
				CLANG_WARN_UNGUARDED_AVAILABILITY = YES_AGGRESSIVE;
				CLANG_WARN_UNREACHABLE_CODE = YES;
				CLANG_WARN__DUPLICATE_METHOD_MATCH = YES;
				COPY_PHASE_STRIP = NO;
				DEBUG_INFORMATION_FORMAT = "dwarf-with-dsym";
				ENABLE_NS_ASSERTIONS = NO;
				ENABLE_STRICT_OBJC_MSGSEND = YES;
				GCC_C_LANGUAGE_STANDARD = gnu11;
				GCC_NO_COMMON_BLOCKS = YES;
				GCC_WARN_64_TO_32_BIT_CONVERSION = YES;
				GCC_WARN_ABOUT_RETURN_TYPE = YES_ERROR;
				GCC_WARN_UNDECLARED_SELECTOR = YES;
				GCC_WARN_UNINITIALIZED_AUTOS = YES_AGGRESSIVE;
				GCC_WARN_UNUSED_FUNCTION = YES;
				GCC_WARN_UNUSED_VARIABLE = YES;
				IPHONEOS_DEPLOYMENT_TARGET = 16.2;
				MTL_ENABLE_DEBUG_INFO = NO;
				MTL_FAST_MATH = YES;
				SDKROOT = iphoneos;
				SWIFT_COMPILATION_MODE = wholemodule;
				SWIFT_OPTIMIZATION_LEVEL = "-O";
				VALIDATE_PRODUCT = YES;
			};
			name = Release;
		};
		DC7CF63D2C49C28300EDE5BE /* Debug */ = {
			isa = XCBuildConfiguration;
			buildSettings = {
				ASSETCATALOG_COMPILER_APPICON_NAME = AppIcon;
				ASSETCATALOG_COMPILER_GLOBAL_ACCENT_COLOR_NAME = AccentColor;
				CODE_SIGN_STYLE = Automatic;
				CURRENT_PROJECT_VERSION = 1;
				DEVELOPMENT_ASSET_PATHS = "\"InMind/Preview Content\"";
				DEVELOPMENT_TEAM = 88UZ42L7TB;
				ENABLE_PREVIEWS = YES;
				GENERATE_INFOPLIST_FILE = YES;
				INFOPLIST_KEY_LSApplicationCategoryType = "public.app-category.utilities";
				INFOPLIST_KEY_UIApplicationSceneManifest_Generation = YES;
				INFOPLIST_KEY_UIApplicationSupportsIndirectInputEvents = YES;
				INFOPLIST_KEY_UILaunchScreen_Generation = YES;
				INFOPLIST_KEY_UISupportedInterfaceOrientations = UIInterfaceOrientationPortrait;
				INFOPLIST_KEY_UISupportedInterfaceOrientations_iPad = "UIInterfaceOrientationLandscapeLeft UIInterfaceOrientationLandscapeRight UIInterfaceOrientationPortrait UIInterfaceOrientationPortraitUpsideDown";
				LD_RUNPATH_SEARCH_PATHS = (
					"$(inherited)",
					"@executable_path/Frameworks",
				);
				MARKETING_VERSION = 1.0;
				PRODUCT_BUNDLE_IDENTIFIER = Furkan.InMind;
				PRODUCT_NAME = "$(TARGET_NAME)";
				SUPPORTED_PLATFORMS = "iphoneos iphonesimulator";
				SUPPORTS_MACCATALYST = NO;
				SUPPORTS_MAC_DESIGNED_FOR_IPHONE_IPAD = NO;
				SWIFT_EMIT_LOC_STRINGS = YES;
				SWIFT_VERSION = 5.0;
				TARGETED_DEVICE_FAMILY = 1;
			};
			name = Debug;
		};
		DC7CF63E2C49C28300EDE5BE /* Release */ = {
			isa = XCBuildConfiguration;
			buildSettings = {
				ASSETCATALOG_COMPILER_APPICON_NAME = AppIcon;
				ASSETCATALOG_COMPILER_GLOBAL_ACCENT_COLOR_NAME = AccentColor;
				CODE_SIGN_STYLE = Automatic;
				CURRENT_PROJECT_VERSION = 1;
				DEVELOPMENT_ASSET_PATHS = "\"InMind/Preview Content\"";
				DEVELOPMENT_TEAM = 88UZ42L7TB;
				ENABLE_PREVIEWS = YES;
				GENERATE_INFOPLIST_FILE = YES;
				INFOPLIST_KEY_LSApplicationCategoryType = "public.app-category.utilities";
				INFOPLIST_KEY_UIApplicationSceneManifest_Generation = YES;
				INFOPLIST_KEY_UIApplicationSupportsIndirectInputEvents = YES;
				INFOPLIST_KEY_UILaunchScreen_Generation = YES;
				INFOPLIST_KEY_UISupportedInterfaceOrientations = UIInterfaceOrientationPortrait;
				INFOPLIST_KEY_UISupportedInterfaceOrientations_iPad = "UIInterfaceOrientationLandscapeLeft UIInterfaceOrientationLandscapeRight UIInterfaceOrientationPortrait UIInterfaceOrientationPortraitUpsideDown";
				LD_RUNPATH_SEARCH_PATHS = (
					"$(inherited)",
					"@executable_path/Frameworks",
				);
				MARKETING_VERSION = 1.0;
				PRODUCT_BUNDLE_IDENTIFIER = Furkan.InMind;
				PRODUCT_NAME = "$(TARGET_NAME)";
				SUPPORTED_PLATFORMS = "iphoneos iphonesimulator";
				SUPPORTS_MACCATALYST = NO;
				SUPPORTS_MAC_DESIGNED_FOR_IPHONE_IPAD = NO;
				SWIFT_EMIT_LOC_STRINGS = YES;
				SWIFT_VERSION = 5.0;
				TARGETED_DEVICE_FAMILY = 1;
			};
			name = Release;
		};
/* End XCBuildConfiguration section */

/* Begin XCConfigurationList section */
		DC7CF6292C49C28100EDE5BE /* Build configuration list for PBXProject "InMind" */ = {
			isa = XCConfigurationList;
			buildConfigurations = (
				DC7CF63A2C49C28300EDE5BE /* Debug */,
				DC7CF63B2C49C28300EDE5BE /* Release */,
			);
			defaultConfigurationIsVisible = 0;
			defaultConfigurationName = Release;
		};
		DC7CF63C2C49C28300EDE5BE /* Build configuration list for PBXNativeTarget "InMind" */ = {
			isa = XCConfigurationList;
			buildConfigurations = (
				DC7CF63D2C49C28300EDE5BE /* Debug */,
				DC7CF63E2C49C28300EDE5BE /* Release */,
			);
			defaultConfigurationIsVisible = 0;
			defaultConfigurationName = Release;
		};
/* End XCConfigurationList section */

/* Begin XCVersionGroup section */
		DC0662C22C4BE7D400BCD53A /* Passwords.xcdatamodeld */ = {
			isa = XCVersionGroup;
			children = (
				DC0662C32C4BE7D400BCD53A /* Passwords.xcdatamodel */,
			);
			currentVersion = DC0662C32C4BE7D400BCD53A /* Passwords.xcdatamodel */;
			path = Passwords.xcdatamodeld;
			sourceTree = "<group>";
			versionGroupType = wrapper.xcdatamodel;
		};
/* End XCVersionGroup section */
	};
	rootObject = DC7CF6262C49C28100EDE5BE /* Project object */;
}
